<?xml version="1.0" encoding="utf-8"?>
<Project ToolsVersion="4.0" xmlns="http://schemas.microsoft.com/developer/msbuild/2003">
  <ItemGroup>
    <Filter Include="rage">
      <UniqueIdentifier>{043D9D7C-F073-9E0D-9960-841085761A0F}</UniqueIdentifier>
    </Filter>
    <Filter Include="util">
      <UniqueIdentifier>{43339F7C-2F6A-A00D-D856-8610C46C1C0F}</UniqueIdentifier>
    </Filter>
    <Filter Include="gta">
      <UniqueIdentifier>{664520a1-6a0d-4487-8117-97d5b41b311e}</UniqueIdentifier>
    </Filter>
  </ItemGroup>
  <ItemGroup>
    <ClInclude Include="src\Common.hpp" />
    <ClInclude Include="src\Hooking.hpp" />
    <ClInclude Include="src\Loader.hpp" />
    <ClInclude Include="src\Memory.hpp" />
    <ClInclude Include="src\Natives.hpp" />
    <ClInclude Include="src\Pointers.hpp" />
    <ClInclude Include="src\Settings.hpp" />
    <ClInclude Include="src\rage\atArray.hpp">
      <Filter>rage</Filter>
    </ClInclude>
    <ClInclude Include="src\rage\scrNativeCallContext.hpp">
      <Filter>rage</Filter>
    </ClInclude>
    <ClInclude Include="src\rage\scrThread.hpp">
      <Filter>rage</Filter>
    </ClInclude>
    <ClInclude Include="src\rage\scrVector.hpp">
      <Filter>rage</Filter>
    </ClInclude>
    <ClInclude Include="src\util\Joaat.hpp">
      <Filter>util</Filter>
    </ClInclude>
    <ClInclude Include="src\util\Logger.hpp">
      <Filter>util</Filter>
    </ClInclude>
    <ClInclude Include="src\gta\GtaThread.hpp">
      <Filter>gta</Filter>
    </ClInclude>
  </ItemGroup>
  <ItemGroup>
    <ClCompile Include="src\Common.cpp" />
    <ClCompile Include="src\Hooking.cpp" />
    <ClCompile Include="src\Loader.cpp" />
    <ClCompile Include="src\Main.cpp" />
    <ClCompile Include="src\Memory.cpp" />
    <ClCompile Include="src\Natives.cpp" />
    <ClCompile Include="src\Pointers.cpp" />
    <ClCompile Include="src\Settings.cpp" />
    <ClCompile Include="src\rage\scrThread.cpp">
      <Filter>rage</Filter>
    </ClCompile>
  </ItemGroup>
</Project>